
Microsoft Visual Studio Solution File, Format Version 12.00
# Visual Studio Version 17
VisualStudioVersion = 17.5.002.0
MinimumVisualStudioVersion = 10.0.40219.1
Project("{9A19103F-16F7-4668-BE54-9A1E7A4F7556}") = "API", "API\API.csproj", "{A409EBF7-E907-4120-A6D9-780F4007C878}"
EndProject
Project("{FAE04EC0-301F-11D3-BF4B-00C04F79EFBC}") = "Core", "Core\Core.csproj", "{8C653C58-EFE4-4A57-BB6B-401788CC56D0}"
EndProject
Project("{FAE04EC0-301F-11D3-BF4B-00C04F79EFBC}") = "Infrastructure", "Infrastructure\Infrastructure.csproj", "{CAF31313-D6D6-4CED-B408-A2DCB5839E88}"
EndProject
Global
	GlobalSection(SolutionConfigurationPlatforms) = preSolution
		Debug|Any CPU = Debug|Any CPU
		Release|Any CPU = Release|Any CPU
	EndGlobalSection
	GlobalSection(ProjectConfigurationPlatforms) = postSolution
		{A409EBF7-E907-4120-A6D9-780F4007C878}.Debug|Any CPU.ActiveCfg = Debug|Any CPU
		{A409EBF7-E907-4120-A6D9-780F4007C878}.Debug|Any CPU.Build.0 = Debug|Any CPU
		{A409EBF7-E907-4120-A6D9-780F4007C878}.Release|Any CPU.ActiveCfg = Release|Any CPU
		{A409EBF7-E907-4120-A6D9-780F4007C878}.Release|Any CPU.Build.0 = Release|Any CPU
		{8C653C58-EFE4-4A57-BB6B-401788CC56D0}.Debug|Any CPU.ActiveCfg = Debug|Any CPU
		{8C653C58-EFE4-4A57-BB6B-401788CC56D0}.Debug|Any CPU.Build.0 = Debug|Any CPU
		{8C653C58-EFE4-4A57-BB6B-401788CC56D0}.Release|Any CPU.ActiveCfg = Release|Any CPU
		{8C653C58-EFE4-4A57-BB6B-401788CC56D0}.Release|Any CPU.Build.0 = Release|Any CPU
		{CAF31313-D6D6-4CED-B408-A2DCB5839E88}.Debug|Any CPU.ActiveCfg = Debug|Any CPU
		{CAF31313-D6D6-4CED-B408-A2DCB5839E88}.Debug|Any CPU.Build.0 = Debug|Any CPU
		{CAF31313-D6D6-4CED-B408-A2DCB5839E88}.Release|Any CPU.ActiveCfg = Release|Any CPU
		{CAF31313-D6D6-4CED-B408-A2DCB5839E88}.Release|Any CPU.Build.0 = Release|Any CPU
	EndGlobalSection
	GlobalSection(SolutionProperties) = preSolution
		HideSolutionNode = FALSE
	EndGlobalSection
	GlobalSection(ExtensibilityGlobals) = postSolution
		SolutionGuid = {0002FC93-2111-4C9E-8456-CA7470B354FD}
	EndGlobalSection
EndGlobal
